lock_version = 2
manifest_checksum = "4fe3c2e76bc1bee866045de1d5330728c9a97e636fb5342e18a06669fec1b9ef"
target = "aarch64-apple-darwin"
generator = "1.1.12"

[root_dependencies]
"言窗" = "yanxu-gui@0.1.0#a5b4b144f221-ad1434486bc910d8"

[root_dev_dependencies]

[[package]]
id = "yanxu-gui@0.1.0#a5b4b144f221-ad1434486bc910d8"
name = "yanxu-gui"
version = "0.1.0"
source = "path:.."
checksum = "ad1434486bc910d827e349cfe90874341f4c5f2c6ffd57b91b7247fc61bc7e40"
entry = "src/主.yx"
target = "aarch64-apple-darwin"
minimum_yanxu = ">=1.1.12"

[package.dependencies]

[package.exports]
"默认" = "src/主.yx"

[package.native]
abi = 2
target = "aarch64-apple-darwin"
path = "dist/aarch64-apple-darwin/libyanxu_gui_native.dylib"
checksum = "92610835521ee3aa860eb9958b2e02fe265c5113facb231a7223ef1a6a6f688a"
size = 9012864
