lock_version = 2
manifest_checksum = "3b9bd9575de93c63177c00ad0e6b399a241d211e2876bc2cd70ef8654f60bce9"
target = "aarch64-apple-darwin"
generator = "1.1.12"

[root_dependencies]
"言窗" = "yanxu-gui@1.0.0#a5b4b144f221-1efb852958a5580c"

[root_dev_dependencies]

[[package]]
id = "yanxu-gui@1.0.0#a5b4b144f221-1efb852958a5580c"
name = "yanxu-gui"
version = "1.0.0"
source = "path:.."
checksum = "1efb852958a5580c5beefd2cac4a6c93a7ec119850ef8ad42f135f6bb5dd3c60"
entry = "src/主.yx"
target = "aarch64-apple-darwin"
minimum_yanxu = ">=1.1.12"

[package.dependencies]

[package.exports]
"默认" = "src/主.yx"

[package.native]
abi = 2
target = "aarch64-apple-darwin"
path = "dist/aarch64-apple-darwin/libyanxu_gui_native.dylib"
checksum = "b64cf8726ba1fd8290cdea6a7ac710cde72a338296561ed406eee5831a313f5f"
size = 9012016
