lock_version = 2
manifest_checksum = "3b9bd9575de93c63177c00ad0e6b399a241d211e2876bc2cd70ef8654f60bce9"
target = "aarch64-apple-darwin"
generator = "1.1.12"

[root_dependencies]
"言窗" = "yanxu-gui@1.0.0#a5b4b144f221-a561ef3b05bba262"

[root_dev_dependencies]

[[package]]
id = "yanxu-gui@1.0.0#a5b4b144f221-a561ef3b05bba262"
name = "yanxu-gui"
version = "1.0.0"
source = "path:.."
checksum = "a561ef3b05bba26208198cb3721cfd3543e9d8d9492beb554e4fdd55f082eea1"
entry = "src/主.yx"
target = "aarch64-apple-darwin"
minimum_yanxu = ">=1.1.12"

[package.dependencies]

[package.exports]
"默认" = "src/主.yx"

[package.native]
abi = 2
target = "aarch64-apple-darwin"
path = "dist/aarch64-apple-darwin/libyanxu_gui_native.dylib"
checksum = "c4fe80eaaaf119f1ab9cd2d4b7052c69a5fafb3242c97f990c2315abf9cc45eb"
size = 8977696
