lock_version = 2
manifest_checksum = "3b9bd9575de93c63177c00ad0e6b399a241d211e2876bc2cd70ef8654f60bce9"
target = "aarch64-apple-darwin"
generator = "1.1.12"

[root_dependencies]
"言窗" = "yanxu-gui@1.0.0#a5b4b144f221-0bfaae25418f51fc"

[root_dev_dependencies]

[[package]]
id = "yanxu-gui@1.0.0#a5b4b144f221-0bfaae25418f51fc"
name = "yanxu-gui"
version = "1.0.0"
source = "path:.."
checksum = "0bfaae25418f51fce5eeacf41f303022569d453e149a0c79f0b67caf70148082"
entry = "src/主.yx"
target = "aarch64-apple-darwin"
minimum_yanxu = ">=1.1.12"

[package.dependencies]

[package.exports]
"默认" = "src/主.yx"

[package.native]
abi = 2
target = "aarch64-apple-darwin"
path = "dist/aarch64-apple-darwin/libyanxu_gui_native.dylib"
checksum = "71861957de613d5174331ca6c6054f0c4efb21501273483aef69779c0ec28fe4"
size = 9012016
